version = 1
revision = 3
requires-python = ">=3.13"

[[package]]
name = "foo"
version = "0.1.0"
source = { virtual = "." }
dependencies = [
    { name = "sqlalchemy" },
]

[package.metadata]
requires-dist = [{ name = "sqlalchemy", specifier = "==2.0.54" }]

[[package]]
name = "greenlet"
version = "3.2.4"
source = { registry = "https://pypi.org/simple" }
sdist = { url = "https://files.pythonhosted.org/packages/03/b8/704d753a5a45507a7aab61f18db9509302ed3d0a27ac7e0359ec2905b1a6/greenlet-3.2.4.tar.gz", hash = "sha256:0dca0d95ff849f9a364385f36ab49f50065d76964944638be9691e1832e9f86d", size = 188260, upload-time = "2025-08-07T13:24:33.51Z" }
wheels = [
    { url = "https://files.pythonhosted.org/packages/49/e8/58c7f85958bda41dafea50497cbd59738c5c43dbbea5ee83d651234398f4/greenlet-3.2.4-cp313-cp313-macosx_11_0_universal2.whl", hash = "sha256:1a921e542453fe531144e91e1feedf12e07351b1cf6c9e8a3325ea600a715a31", size = 272814, upload-time = "2025-08-07T13:15:50.011Z" },
    { url = "https://files.pythonhosted.org/packages/62/dd/b9f59862e9e257a16e4e610480cfffd29e3fae018a68c2332090b53aac3d/greenlet-3.2.4-cp313-cp313-manylinux2014_aarch64.manylinux_2_17_aarch64.whl", hash = "sha256:cd3c8e693bff0fff6ba55f140bf390fa92c994083f838fece0f63be121334945", size = 641073, upload-time = "2025-08-07T13:42:57.23Z" },
    { url = "https://files.pythonhosted.org/packages/f7/0b/bc13f787394920b23073ca3b6c4a7a21396301ed75a655bcb47196b50e6e/greenlet-3.2.4-cp313-cp313-manylinux2014_ppc64le.manylinux_2_17_ppc64le.whl", hash = "sha256:710638eb93b1fa52823aa91bf75326f9ecdfd5e0466f00789246a5280f4ba0fc", size = 655191, upload-time = "2025-08-07T13:45:29.752Z" },
    { url = "https://files.pythonhosted.org/packages/7f/3b/3a3328a788d4a473889a2d403199932be55b1b0060f4ddd96ee7cdfcad10/greenlet-3.2.4-cp313-cp313-manylinux2014_x86_64.manylinux_2_17_x86_64.whl", hash = "sha256:d76383238584e9711e20ebe14db6c88ddcedc1829a9ad31a584389463b5aa504", size = 652169, upload-time = "2025-08-07T13:18:32.861Z" },
    { url = "https://files.pythonhosted.org/packages/ee/43/3cecdc0349359e1a527cbf2e3e28e5f8f06d3343aaf82ca13437a9aa290f/greenlet-3.2.4-cp313-cp313-manylinux_2_24_x86_64.manylinux_2_28_x86_64.whl", hash = "sha256:23768528f2911bcd7e475210822ffb5254ed10d71f4028387e5a99b4c6699671", size = 610497, upload-time = "2025-08-07T13:18:31.636Z" },
    { url = "https://files.pythonhosted.org/packages/b8/19/06b6cf5d604e2c382a6f31cafafd6f33d5dea706f4db7bdab184bad2b21d/greenlet-3.2.4-cp313-cp313-musllinux_1_1_aarch64.whl", hash = "sha256:00fadb3fedccc447f517ee0d3fd8fe49eae949e1cd0f6a611818f4f6fb7dc83b", size = 1121662, upload-time = "2025-08-07T13:42:41.117Z" },
    { url = "https://files.pythonhosted.org/packages/a2/15/0d5e4e1a66fab130d98168fe984c509249c833c1a3c16806b90f253ce7b9/greenlet-3.2.4-cp313-cp313-musllinux_1_1_x86_64.whl", hash = "sha256:d25c5091190f2dc0eaa3f950252122edbbadbb682aa7b1ef2f8af0f8c0afefae", size = 1149210, upload-time = "2025-08-07T13:18:24.072Z" },
    { url = "https://files.pythonhosted.org/packages/1c/53/f9c440463b3057485b8594d7a638bed53ba531165ef0ca0e6c364b5cc807/greenlet-3.2.4-cp313-cp313-musllinux_1_2_aarch64.whl", hash = "sha256:6e343822feb58ac4d0a1211bd9399de2b3a04963ddeec21530fc426cc121f19b", size = 1564759, upload-time = "2025-11-04T12:42:19.395Z" },
    { url = "https://files.pythonhosted.org/packages/47/e4/3bb4240abdd0a8d23f4f88adec746a3099f0d86bfedb623f063b2e3b4df0/greenlet-3.2.4-cp313-cp313-musllinux_1_2_x86_64.whl", hash = "sha256:ca7f6f1f2649b89ce02f6f229d7c19f680a6238af656f61e0115b24857917929", size = 1634288, upload-time = "2025-11-04T12:42:21.174Z" },
    { url = "https://files.pythonhosted.org/packages/0b/55/2321e43595e6801e105fcfdee02b34c0f996eb71e6ddffca6b10b7e1d771/greenlet-3.2.4-cp313-cp313-win_amd64.whl", hash = "sha256:554b03b6e73aaabec3745364d6239e9e012d64c68ccd0b8430c64ccc14939a8b", size = 299685, upload-time = "2025-08-07T13:24:38.824Z" },
    { url = "https://files.pythonhosted.org/packages/22/5c/85273fd7cc388285632b0498dbbab97596e04b154933dfe0f3e68156c68c/greenlet-3.2.4-cp314-cp314-macosx_11_0_universal2.whl", hash = "sha256:49a30d5fda2507ae77be16479bdb62a660fa51b1eb4928b524975b3bde77b3c0", size = 273586, upload-time = "2025-08-07T13:16:08.004Z" },
    { url = "https://files.pythonhosted.org/packages/d1/75/10aeeaa3da9332c2e761e4c50d4c3556c21113ee3f0afa2cf5769946f7a3/greenlet-3.2.4-cp314-cp314-manylinux2014_aarch64.manylinux_2_17_aarch64.whl", hash = "sha256:299fd615cd8fc86267b47597123e3f43ad79c9d8a22bebdce535e53550763e2f", size = 686346, upload-time = "2025-08-07T13:42:59.944Z" },
    { url = "https://files.pythonhosted.org/packages/c0/aa/687d6b12ffb505a4447567d1f3abea23bd20e73a5bed63871178e0831b7a/greenlet-3.2.4-cp314-cp314-manylinux2014_ppc64le.manylinux_2_17_ppc64le.whl", hash = "sha256:c17b6b34111ea72fc5a4e4beec9711d2226285f0386ea83477cbb97c30a3f3a5", size = 699218, upload-time = "2025-08-07T13:45:30.969Z" },
    { url = "https://files.pythonhosted.org/packages/92/2e/ea25914b1ebfde93b6fc4ff46d6864564fba59024e928bdc7de475affc25/greenlet-3.2.4-cp314-cp314-manylinux2014_x86_64.manylinux_2_17_x86_64.whl", hash = "sha256:061dc4cf2c34852b052a8620d40f36324554bc192be474b9e9770e8c042fd735", size = 695355, upload-time = "2025-08-07T13:18:34.517Z" },
    { url = "https://files.pythonhosted.org/packages/72/60/fc56c62046ec17f6b0d3060564562c64c862948c9d4bc8aa807cf5bd74f4/greenlet-3.2.4-cp314-cp314-manylinux_2_24_x86_64.manylinux_2_28_x86_64.whl", hash = "sha256:44358b9bf66c8576a9f57a590d5f5d6e72fa4228b763d0e43fee6d3b06d3a337", size = 657512, upload-time = "2025-08-07T13:18:33.969Z" },
    { url = "https://files.pythonhosted.org/packages/23/6e/74407aed965a4ab6ddd93a7ded3180b730d281c77b765788419484cdfeef/greenlet-3.2.4-cp314-cp314-musllinux_1_2_aarch64.whl", hash = "sha256:2917bdf657f5859fbf3386b12d68ede4cf1f04c90c3a6bc1f013dd68a22e2269", size = 1612508, upload-time = "2025-11-04T12:42:23.427Z" },
    { url = "https://files.pythonhosted.org/packages/0d/da/343cd760ab2f92bac1845ca07ee3faea9fe52bee65f7bcb19f16ad7de08b/greenlet-3.2.4-cp314-cp314-musllinux_1_2_x86_64.whl", hash = "sha256:015d48959d4add5d6c9f6c5210ee3803a830dce46356e3bc326d6776bde54681", size = 1680760, upload-time = "2025-11-04T12:42:25.341Z" },
    { url = "https://files.pythonhosted.org/packages/e3/a5/6ddab2b4c112be95601c13428db1d8b6608a8b6039816f2ba09c346c08fc/greenlet-3.2.4-cp314-cp314-win_amd64.whl", hash = "sha256:e37ab26028f12dbb0ff65f29a8d3d44a765c61e729647bf2ddfbbed621726f01", size = 303425, upload-time = "2025-08-07T13:32:27.59Z" },
]

[[package]]
name = "sqlalchemy"
version = "2.0.54"
source = { registry = "https://pypi.org/simple" }
dependencies = [
    { name = "greenlet", marker = "platform_machine == 'AMD64' or platform_machine == 'WIN32' or platform_machine == 'aarch64' or platform_machine == 'amd64' or platform_machine == 'ppc64le' or platform_machine == 'win32' or platform_machine == 'x86_64'" },
    { name = "typing-extensions" },
]
sdist = { url = "https://files.pythonhosted.org/packages/29/9c/271aa905cf2964f841371a97f3e63ab692bf51b4423d0491e67bc7f64037/sqlalchemy-2.0.54.tar.gz", hash = "sha256:baa8521e8ee9f24e75dfc7aaabc08020e551ef0d48d7c3e3536f5cddf277586b", size = 9969559, upload-time = "2026-09-15T21:06:57.337Z" }
wheels = [
    { url = "https://files.pythonhosted.org/packages/aa/1c/021ccd7a838425f52e67c02edc541e8d53be8a27a103e684e14b18aac17b/sqlalchemy-2.0.54-cp313-cp313-macosx_11_0_arm64.whl", hash = "sha256:b374e3bc91e246a942592a98ba6a23be76fff21358b00546ac8c0ebc0fd0e00b", size = 2184259, upload-time = "2026-09-15T22:28:59.153Z" },
    { url = "https://files.pythonhosted.org/packages/74/8f/f95de908a4af7ac3a6925cdcb837a93274f608925a0fbc786df38811bccf/sqlalchemy-2.0.54-cp313-cp313-manylinux2014_aarch64.manylinux_2_17_aarch64.manylinux_2_28_aarch64.whl", hash = "sha256:31d5458672a6f72db2c087f4a5098b3c8503ea0254186ff29205d63afa9401a4", size = 3398792, upload-time = "2026-09-15T22:29:35.218Z" },
    { url = "https://files.pythonhosted.org/packages/84/26/bd327a1a6be223e438c98ac8faf299307d83797225a81f3b209607a9fd98/sqlalchemy-2.0.54-cp313-cp313-manylinux2014_x86_64.manylinux_2_17_x86_64.manylinux_2_28_x86_64.whl", hash = "sha256:cad78d04254967bdbcccbed5e631d88fe4868530946ab0929aa45e9032849518", size = 3417562, upload-time = "2026-09-15T22:40:32.637Z" },
    { url = "https://files.pythonhosted.org/packages/4b/b1/f13a8fe8e8e167d8e65484b91b827897b8a5ca1efd7ba6e87a5f63412fed/sqlalchemy-2.0.54-cp313-cp313-musllinux_1_2_aarch64.whl", hash = "sha256:48611087a75d26d798003645c688c7d3cfc26b89dbe4a2c568d6b378d330deae", size = 3349138, upload-time = "2026-09-15T22:29:36.729Z" },
    { url = "https://files.pythonhosted.org/packages/b1/b7/5fd58f03281a74c57f02f509433e1be58a79d9f5b0e14020e665e0dcb614/sqlalchemy-2.0.54-cp313-cp313-musllinux_1_2_x86_64.whl", hash = "sha256:d6adf80277372a89910a0f3ccfe960b846d279dc55b366dd5c5ec07f41c84758", size = 3382943, upload-time = "2026-09-15T22:40:34.587Z" },
    { url = "https://files.pythonhosted.org/packages/4b/73/e29fa88dfc809857a55e6523911d345d00cab4adf87032c21ade8874223c/sqlalchemy-2.0.54-cp313-cp313-win32.whl", hash = "sha256:264460333ed0b177cbb1956355d0ee4e0cab83fb415c934ce12a25db2e7be39c", size = 2138931, upload-time = "2026-09-15T22:42:51.801Z" },
    { url = "https://files.pythonhosted.org/packages/89/9d/885e7491836f3dad368c74f0d5b93551d37b0ec66c9e8753240ee988308f/sqlalchemy-2.0.54-cp313-cp313-win_amd64.whl", hash = "sha256:cf89e92bf0d4204a6afcc17af27b9271ed9c7e34e17d6f80c085d431ea4a1747", size = 2166496, upload-time = "2026-09-15T22:42:53.603Z" },
    { url = "https://files.pythonhosted.org/packages/ab/c0/4a6503c9d22d6d00a5631082ab1484222ecf7d573db791e0f53161bf7745/sqlalchemy-2.0.54-cp314-cp314-macosx_11_0_arm64.whl", hash = "sha256:abd6b21bc58e91c1932eb5d6d7f1bd44a551dfec7b6a7f517c3638ccd67233a0", size = 2185899, upload-time = "2026-09-15T22:29:00.581Z" },
    { url = "https://files.pythonhosted.org/packages/12/28/f4424f618bd1f373761a32a821d53ce2c257350e9894bae9b968cb03d8fd/sqlalchemy-2.0.54-cp314-cp314-manylinux2014_aarch64.manylinux_2_17_aarch64.manylinux_2_28_aarch64.whl", hash = "sha256:5417322b3c025dd82918725d3bf09ec105fac95efc195722b8b06e1d9c381139", size = 3394763, upload-time = "2026-09-15T22:29:38.131Z" },
    { url = "https://files.pythonhosted.org/packages/59/d2/7f0c77f8e042cb5f28275fea29c3080b4ac6fd4b3fdd7f59ff1ef3e28c11/sqlalchemy-2.0.54-cp314-cp314-manylinux2014_x86_64.manylinux_2_17_x86_64.manylinux_2_28_x86_64.whl", hash = "sha256:6f84099e4b04a5c2d44500a2a8302eee5af4bc6fee63e8c6e9cf6786e747280e", size = 3402800, upload-time = "2026-09-15T22:40:36.509Z" },
    { url = "https://files.pythonhosted.org/packages/af/32/3eaa930bcf71d17a72587081d2706a5fb97ab3f11a7e0fb838f581f7cff1/sqlalchemy-2.0.54-cp314-cp314-musllinux_1_2_aarch64.whl", hash = "sha256:a0956dc754d3884da7fe60097110ec7a8a105d26afa2f0844468f4b1598c6912", size = 3341469, upload-time = "2026-09-15T22:29:39.682Z" },
    { url = "https://files.pythonhosted.org/packages/eb/cc/cddb6cbd4408e5c55b3bf722be26b9d3b54d42509f901b7ecc15debd3d1f/sqlalchemy-2.0.54-cp314-cp314-musllinux_1_2_x86_64.whl", hash = "sha256:87ba8834318b0d8dc94fc6f405d071b5c08be32a6c3fd68107fd6952ee949615", size = 3373232, upload-time = "2026-09-15T22:40:39.181Z" },
    { url = "https://files.pythonhosted.org/packages/34/2f/9c2aa5efc642b7f3b985d13565cd1a5e78856e079ef3022796fea5180498/sqlalchemy-2.0.54-cp314-cp314-win32.whl", hash = "sha256:842540e4382472f23c79589995752648d14696a8200d0807ed8c5c59c92ade44", size = 2142018, upload-time = "2026-09-15T22:42:55.118Z" },
    { url = "https://files.pythonhosted.org/packages/e2/0b/3594f1f51769feb3022d686135dc5d8682a12345ed15ae61d0c0ca42cbee/sqlalchemy-2.0.54-cp314-cp314-win_amd64.whl", hash = "sha256:f4e8f955d13af83fb4e35c3472e5377ee22d3445eada1e5e48199588edb69835", size = 2169220, upload-time = "2026-09-15T22:42:56.727Z" },
    { url = "https://files.pythonhosted.org/packages/c3/a5/c211a9a7af83222509519407e16a4db760c6df3d03be69ebc5414d465321/sqlalchemy-2.0.54-cp314-cp314t-macosx_11_0_arm64.whl", hash = "sha256:ca05f4e7852cf48083b0cf157e4f9504b7068780422a50fa82f45353b8c5e14a", size = 2208458, upload-time = "2026-09-15T22:30:05.718Z" },
    { url = "https://files.pythonhosted.org/packages/cb/2e/490ad7b3731116cb48ba170f7722eaa99a89707193e54389ca84b7ad55af/sqlalchemy-2.0.54-cp314-cp314t-manylinux2014_aarch64.manylinux_2_17_aarch64.manylinux_2_28_aarch64.whl", hash = "sha256:18a8b6417cbb7b735cf91c2b59453c2a554cefa0a8d7bd15aa35740739410d77", size = 3660585, upload-time = "2026-09-15T22:36:06.649Z" },
    { url = "https://files.pythonhosted.org/packages/eb/25/15dfe6814847eeda773bd58ab6cf42a94b0176e5cf25a578fc1165777160/sqlalchemy-2.0.54-cp314-cp314t-manylinux2014_x86_64.manylinux_2_17_x86_64.manylinux_2_28_x86_64.whl", hash = "sha256:4e55a0b96a1577a1e108c91ccdeeb9cd92768f28ce206597311c3bf6d6423abd", size = 3624442, upload-time = "2026-09-15T22:36:38.377Z" },
    { url = "https://files.pythonhosted.org/packages/aa/19/724d0a6a2fb2a86ff2d6008e581c258f722d9b7d8e52adc7b79085febdd4/sqlalchemy-2.0.54-cp314-cp314t-musllinux_1_2_aarch64.whl", hash = "sha256:69cab115c40fd02c5a22c68e4ee630fa6ef9a1650f1de944419aab1f7096fc4f", size = 3562972, upload-time = "2026-09-15T22:36:08.581Z" },
    { url = "https://files.pythonhosted.org/packages/49/bb/9df1bd81c2f2d000cf5e7a1b1a9b331468a3aab939ad983355e701fa42b2/sqlalchemy-2.0.54-cp314-cp314t-musllinux_1_2_x86_64.whl", hash = "sha256:e08397c6c42f53b2488acde9108b8bfefd52d7afd1bf2f03d2ffcab7a204aceb", size = 3576479, upload-time = "2026-09-15T22:36:40.272Z" },
    { url = "https://files.pythonhosted.org/packages/df/c0/b5775465d3b89061d7c46057c31c56ff8fb6c509550b2b0c6570ffc248b3/sqlalchemy-2.0.54-cp314-cp314t-win32.whl", hash = "sha256:b9086b8ad48280ef6a7ba68262d5e44f7db1c4cb1973e8cdae8a9f467ae66f51", size = 2174794, upload-time = "2026-09-15T22:31:45.925Z" },
    { url = "https://files.pythonhosted.org/packages/77/f8/296c2e46b4ccd3f29b00b954ef2f195dde32f98e352ed21de1d292cedc0d/sqlalchemy-2.0.54-cp314-cp314t-win_amd64.whl", hash = "sha256:b67c1744e453af833667fc1b84de07adb4a64f3536ef52a8ec5ac2b941d43970", size = 2211942, upload-time = "2026-09-15T22:31:47.368Z" },
    { url = "https://files.pythonhosted.org/packages/24/a1/bd5e3e99bc9c8863b51ac5b9b03008a7f2da8c6b59695992f5c654e1265b/sqlalchemy-2.0.54-py3-none-any.whl", hash = "sha256:7e33a631ab1474f8fe6b910bd1a07b7b8009c4c78cdd3fb18001b03e3bc2e1d2", size = 1958015, upload-time = "2026-09-15T22:24:22.95Z" },
]

[[package]]
name = "typing-extensions"
version = "4.14.1"
source = { registry = "https://pypi.org/simple" }
sdist = { url = "https://files.pythonhosted.org/packages/98/5a/da40306b885cc8c09109dc2e1abd358d5684b1425678151cdaed4731c822/typing_extensions-4.14.1.tar.gz", hash = "sha256:38b39f4aeeab64884ce9f74c94263ef78f3c22467c8724005483154c26648d36", size = 107673, upload-time = "2025-07-04T13:28:34.16Z" }
wheels = [
    { url = "https://files.pythonhosted.org/packages/b5/00/d631e67a838026495268c2f6884f3711a15a9a2a96cd244fdaea53b823fb/typing_extensions-4.14.1-py3-none-any.whl", hash = "sha256:d1e1e3b58374dc93031d6eda2420a48ea44a36c2b4766a4fdeb3710755731d76", size = 43906, upload-time = "2025-07-04T13:28:32.743Z" },
]
